{
  "name": "loadable-state",
  "version": "1.0.0",
  "lockfileVersion": 1,
  "requires": true,
  "dependencies": {
    "@ngrx/store": {
      "version": "7.0.0",
      "resolved": "https://registry.npmjs.org/@ngrx/store/-/store-7.0.0.tgz",
      "integrity": "sha512-fF4A4De/vtQawxGBc1jV5HiLrc/J3NS8A2UDRoD3kLdviDzAlAber6kuj5XmM+xxaI9f9qnUrwOVXr/oPfqoBg=="
    },
    "typescript": {
      "version": "3.2.2",
      "resolved": "https://registry.npmjs.org/typescript/-/typescript-3.2.2.tgz",
      "integrity": "sha512-VCj5UiSyHBjwfYacmDuc/NOk4QQixbE+Wn7MFJuS0nRuPQbof132Pw4u53dm264O8LPc2MVsc7RJNml5szurkg==",
      "dev": true
    }
  }
}
